
Microsoft Visual Studio Solution File, Format Version 12.00
# Visual Studio Version 16
VisualStudioVersion = 16.0.30711.63
MinimumVisualStudioVersion = 10.0.40219.1
Project("{FAE04EC0-301F-11D3-BF4B-00C04F79EFBC}") = "ConsoleTrC", "ConsoleTrC\ConsoleTrC.csproj", "{38EF06B4-87C9-4F3E-B8F4-5FAD52660561}"
EndProject
Project("{FAE04EC0-301F-11D3-BF4B-00C04F79EFBC}") = "DAL", "DAL\DAL.csproj", "{F79ACCCA-914D-40AF-BDF5-C1BE69D5D22D}"
EndProject
Project("{FAE04EC0-301F-11D3-BF4B-00C04F79EFBC}") = "DTO", "DTO\DTO.csproj", "{DF8E01ED-9C19-43B4-BC9E-CE44402FF525}"
EndProject
Global
	GlobalSection(SolutionConfigurationPlatforms) = preSolution
		Debug|Any CPU = Debug|Any CPU
		Release|Any CPU = Release|Any CPU
	EndGlobalSection
	GlobalSection(ProjectConfigurationPlatforms) = postSolution
		{38EF06B4-87C9-4F3E-B8F4-5FAD52660561}.Debug|Any CPU.ActiveCfg = Debug|Any CPU
		{38EF06B4-87C9-4F3E-B8F4-5FAD52660561}.Debug|Any CPU.Build.0 = Debug|Any CPU
		{38EF06B4-87C9-4F3E-B8F4-5FAD52660561}.Release|Any CPU.ActiveCfg = Release|Any CPU
		{38EF06B4-87C9-4F3E-B8F4-5FAD52660561}.Release|Any CPU.Build.0 = Release|Any CPU
		{F79ACCCA-914D-40AF-BDF5-C1BE69D5D22D}.Debug|Any CPU.ActiveCfg = Debug|Any CPU
		{F79ACCCA-914D-40AF-BDF5-C1BE69D5D22D}.Debug|Any CPU.Build.0 = Debug|Any CPU
		{F79ACCCA-914D-40AF-BDF5-C1BE69D5D22D}.Release|Any CPU.ActiveCfg = Release|Any CPU
		{F79ACCCA-914D-40AF-BDF5-C1BE69D5D22D}.Release|Any CPU.Build.0 = Release|Any CPU
		{DF8E01ED-9C19-43B4-BC9E-CE44402FF525}.Debug|Any CPU.ActiveCfg = Debug|Any CPU
		{DF8E01ED-9C19-43B4-BC9E-CE44402FF525}.Debug|Any CPU.Build.0 = Debug|Any CPU
		{DF8E01ED-9C19-43B4-BC9E-CE44402FF525}.Release|Any CPU.ActiveCfg = Release|Any CPU
		{DF8E01ED-9C19-43B4-BC9E-CE44402FF525}.Release|Any CPU.Build.0 = Release|Any CPU
	EndGlobalSection
	GlobalSection(SolutionProperties) = preSolution
		HideSolutionNode = FALSE
	EndGlobalSection
	GlobalSection(ExtensibilityGlobals) = postSolution
		SolutionGuid = {193F54CB-59F6-4EC6-9ABA-32A6C3CCA86A}
	EndGlobalSection
EndGlobal
